
Microsoft Visual Studio Solution File, Format Version 12.00
# Visual Studio Version 16
VisualStudioVersion = 16.0.31624.102
MinimumVisualStudioVersion = 10.0.40219.1
Project("{FAE04EC0-301F-11D3-BF4B-00C04F79EFBC}") = "Server2", "Server2.csproj", "{55C95E9E-A36B-4AB9-9A84-2801E240DD1F}"
EndProject
Global
	GlobalSection(SolutionConfigurationPlatforms) = preSolution
		Debug|Any CPU = Debug|Any CPU
		Release|Any CPU = Release|Any CPU
	EndGlobalSection
	GlobalSection(ProjectConfigurationPlatforms) = postSolution
		{55C95E9E-A36B-4AB9-9A84-2801E240DD1F}.Debug|Any CPU.ActiveCfg = Debug|Any CPU
		{55C95E9E-A36B-4AB9-9A84-2801E240DD1F}.Debug|Any CPU.Build.0 = Debug|Any CPU
		{55C95E9E-A36B-4AB9-9A84-2801E240DD1F}.Release|Any CPU.ActiveCfg = Release|Any CPU
		{55C95E9E-A36B-4AB9-9A84-2801E240DD1F}.Release|Any CPU.Build.0 = Release|Any CPU
	EndGlobalSection
	GlobalSection(SolutionProperties) = preSolution
		HideSolutionNode = FALSE
	EndGlobalSection
	GlobalSection(ExtensibilityGlobals) = postSolution
		SolutionGuid = {59F8BF11-64C1-4FFC-914D-F190B08D0424}
	EndGlobalSection
EndGlobal
