
Microsoft Visual Studio Solution File, Format Version 12.00
# Visual Studio Version 16
VisualStudioVersion = 16.0.31624.102
MinimumVisualStudioVersion = 10.0.40219.1
Project("{FAE04EC0-301F-11D3-BF4B-00C04F79EFBC}") = "Server1", "Server1.csproj", "{2C77E534-244C-48D8-A496-CEA77C516374}"
EndProject
Global
	GlobalSection(SolutionConfigurationPlatforms) = preSolution
		Debug|Any CPU = Debug|Any CPU
		Release|Any CPU = Release|Any CPU
	EndGlobalSection
	GlobalSection(ProjectConfigurationPlatforms) = postSolution
		{2C77E534-244C-48D8-A496-CEA77C516374}.Debug|Any CPU.ActiveCfg = Debug|Any CPU
		{2C77E534-244C-48D8-A496-CEA77C516374}.Debug|Any CPU.Build.0 = Debug|Any CPU
		{2C77E534-244C-48D8-A496-CEA77C516374}.Release|Any CPU.ActiveCfg = Release|Any CPU
		{2C77E534-244C-48D8-A496-CEA77C516374}.Release|Any CPU.Build.0 = Release|Any CPU
	EndGlobalSection
	GlobalSection(SolutionProperties) = preSolution
		HideSolutionNode = FALSE
	EndGlobalSection
	GlobalSection(ExtensibilityGlobals) = postSolution
		SolutionGuid = {11E7772A-A666-4FBD-997A-B3B7B8A2913A}
	EndGlobalSection
EndGlobal
